
Microsoft Visual Studio Solution File, Format Version 12.00
# Visual Studio Version 17
VisualStudioVersion = 17.8.34219.65
MinimumVisualStudioVersion = 10.0.40219.1
Project("{FAE04EC0-301F-11D3-BF4B-00C04F79EFBC}") = "Fibonacci", "Fibonacci\Fibonacci.csproj", "{666EF912-7B76-4790-8B7E-D2B773751FD0}"
EndProject
Global
	GlobalSection(SolutionConfigurationPlatforms) = preSolution
		Debug|Any CPU = Debug|Any CPU
		Release|Any CPU = Release|Any CPU
	EndGlobalSection
	GlobalSection(ProjectConfigurationPlatforms) = postSolution
		{666EF912-7B76-4790-8B7E-D2B773751FD0}.Debug|Any CPU.ActiveCfg = Debug|Any CPU
		{666EF912-7B76-4790-8B7E-D2B773751FD0}.Debug|Any CPU.Build.0 = Debug|Any CPU
		{666EF912-7B76-4790-8B7E-D2B773751FD0}.Release|Any CPU.ActiveCfg = Release|Any CPU
		{666EF912-7B76-4790-8B7E-D2B773751FD0}.Release|Any CPU.Build.0 = Release|Any CPU
	EndGlobalSection
	GlobalSection(SolutionProperties) = preSolution
		HideSolutionNode = FALSE
	EndGlobalSection
	GlobalSection(ExtensibilityGlobals) = postSolution
		SolutionGuid = {952FE308-78E5-44B8-9DF3-C53E5BF78C84}
	EndGlobalSection
EndGlobal
